// !$*UTF8*$!
{
	archiveVersion = 1;
	classes = {
	};
	objectVersion = 50;
	objects = {

/* Begin PBXBuildFile section */
		289C4391174C7D4278BD0B00 /* Pods_flixsterTests.framework in Frameworks */ = {isa = PBXBuildFile; fileRef = B6097B40F0ED28A330AB1716 /* Pods_flixsterTests.framework */; };
		4FD25A0FEEA10EB4A7D7873F /* Pods_flixster_flixsterUITests.framework in Frameworks */ = {isa = PBXBuildFile; fileRef = E792FC1C57F62CBA4E1F03ED /* Pods_flixster_flixsterUITests.framework */; };
		B087EFDCD8545B814B32ED80 /* Pods_flixster.framework in Frameworks */ = {isa = PBXBuildFile; fileRef = 09170F847584BD096D0C2357 /* Pods_flixster.framework */; };
		CAE65CA625AAEA9A009316E8 /* AppDelegate.swift in Sources */ = {isa = PBXBuildFile; fileRef = CAE65CA525AAEA9A009316E8 /* AppDelegate.swift */; };
		CAE65CA825AAEA9A009316E8 /* SceneDelegate.swift in Sources */ = {isa = PBXBuildFile; fileRef = CAE65CA725AAEA9A009316E8 /* SceneDelegate.swift */; };
		CAE65CAD25AAEA9A009316E8 /* Main.storyboard in Resources */ = {isa = PBXBuildFile; fileRef = CAE65CAB25AAEA9A009316E8 /* Main.storyboard */; };
		CAE65CAF25AAEA9C009316E8 /* Assets.xcassets in Resources */ = {isa = PBXBuildFile; fileRef = CAE65CAE25AAEA9C009316E8 /* Assets.xcassets */; };
		CAE65CB225AAEA9C009316E8 /* LaunchScreen.storyboard in Resources */ = {isa = PBXBuildFile; fileRef = CAE65CB025AAEA9C009316E8 /* LaunchScreen.storyboard */; };
		CAE65CBD25AAEA9C009316E8 /* flixsterTests.swift in Sources */ = {isa = PBXBuildFile; fileRef = CAE65CBC25AAEA9C009316E8 /* flixsterTests.swift */; };
		CAE65CC825AAEA9D009316E8 /* flixsterUITests.swift in Sources */ = {isa = PBXBuildFile; fileRef = CAE65CC725AAEA9D009316E8 /* flixsterUITests.swift */; };
		CAE65CDC25AAEFB2009316E8 /* MoviesViewController.swift in Sources */ = {isa = PBXBuildFile; fileRef = CAE65CDB25AAEFB2009316E8 /* MoviesViewController.swift */; };
		CAE65CE125AAF80D009316E8 /* MovieCell.swift in Sources */ = {isa = PBXBuildFile; fileRef = CAE65CE025AAF80D009316E8 /* MovieCell.swift */; };
/* End PBXBuildFile section */

/* Begin PBXContainerItemProxy section */
		CAE65CB925AAEA9C009316E8 /* PBXContainerItemProxy */ = {
			isa = PBXContainerItemProxy;
			containerPortal = CAE65C9A25AAEA9A009316E8 /* Project object */;
			proxyType = 1;
			remoteGlobalIDString = CAE65CA125AAEA9A009316E8;
			remoteInfo = flixster;
		};
		CAE65CC425AAEA9D009316E8 /* PBXContainerItemProxy */ = {
			isa = PBXContainerItemProxy;
			containerPortal = CAE65C9A25AAEA9A009316E8 /* Project object */;
			proxyType = 1;
			remoteGlobalIDString = CAE65CA125AAEA9A009316E8;
			remoteInfo = flixster;
		};
/* End PBXContainerItemProxy section */

/* Begin PBXFileReference section */
		027CA53B6C5DDAC1FD5ED4E0 /* Pods-flixsterTests.release.xcconfig */ = {isa = PBXFileReference; includeInIndex = 1; lastKnownFileType = text.xcconfig; name = "Pods-flixsterTests.release.xcconfig"; path = "Target Support Files/Pods-flixsterTests/Pods-flixsterTests.release.xcconfig"; sourceTree = "<group>"; };
		09170F847584BD096D0C2357 /* Pods_flixster.framework */ = {isa = PBXFileReference; explicitFileType = wrapper.framework; includeInIndex = 0; path = Pods_flixster.framework; sourceTree = BUILT_PRODUCTS_DIR; };
		1D9D150DF6F1B62EB5D1E455 /* Pods-flixster-flixsterUITests.debug.xcconfig */ = {isa = PBXFileReference; includeInIndex = 1; lastKnownFileType = text.xcconfig; name = "Pods-flixster-flixsterUITests.debug.xcconfig"; path = "Target Support Files/Pods-flixster-flixsterUITests/Pods-flixster-flixsterUITests.debug.xcconfig"; sourceTree = "<group>"; };
		26207513E5D6BF5F6F70AC07 /* Pods-flixsterTests.debug.xcconfig */ = {isa = PBXFileReference; includeInIndex = 1; lastKnownFileType = text.xcconfig; name = "Pods-flixsterTests.debug.xcconfig"; path = "Target Support Files/Pods-flixsterTests/Pods-flixsterTests.debug.xcconfig"; sourceTree = "<group>"; };
		5E9B4AF31BE90244728AD971 /* Pods-flixster.release.xcconfig */ = {isa = PBXFileReference; includeInIndex = 1; lastKnownFileType = text.xcconfig; name = "Pods-flixster.release.xcconfig"; path = "Target Support Files/Pods-flixster/Pods-flixster.release.xcconfig"; sourceTree = "<group>"; };
		854BFD5A7B7F95A196802DA6 /* Pods-flixster.debug.xcconfig */ = {isa = PBXFileReference; includeInIndex = 1; lastKnownFileType = text.xcconfig; name = "Pods-flixster.debug.xcconfig"; path = "Target Support Files/Pods-flixster/Pods-flixster.debug.xcconfig"; sourceTree = "<group>"; };
		B6097B40F0ED28A330AB1716 /* Pods_flixsterTests.framework */ = {isa = PBXFileReference; explicitFileType = wrapper.framework; includeInIndex = 0; path = Pods_flixsterTests.framework; sourceTree = BUILT_PRODUCTS_DIR; };
		CAE65CA225AAEA9A009316E8 /* flixster.app */ = {isa = PBXFileReference; explicitFileType = wrapper.application; includeInIndex = 0; path = flixster.app; sourceTree = BUILT_PRODUCTS_DIR; };
		CAE65CA525AAEA9A009316E8 /* AppDelegate.swift */ = {isa = PBXFileReference; lastKnownFileType = sourcecode.swift; path = AppDelegate.swift; sourceTree = "<group>"; };
		CAE65CA725AAEA9A009316E8 /* SceneDelegate.swift */ = {isa = PBXFileReference; lastKnownFileType = sourcecode.swift; path = SceneDelegate.swift; sourceTree = "<group>"; };
		CAE65CAC25AAEA9A009316E8 /* Base */ = {isa = PBXFileReference; lastKnownFileType = file.storyboard; name = Base; path = Base.lproj/Main.storyboard; sourceTree = "<group>"; };
		CAE65CAE25AAEA9C009316E8 /* Assets.xcassets */ = {isa = PBXFileReference; lastKnownFileType = folder.assetcatalog; path = Assets.xcassets; sourceTree = "<group>"; };
		CAE65CB125AAEA9C009316E8 /* Base */ = {isa = PBXFileReference; lastKnownFileType = file.storyboard; name = Base; path = Base.lproj/LaunchScreen.storyboard; sourceTree = "<group>"; };
		CAE65CB325AAEA9C009316E8 /* Info.plist */ = {isa = PBXFileReference; lastKnownFileType = text.plist.xml; path = Info.plist; sourceTree = "<group>"; };
		CAE65CB825AAEA9C009316E8 /* flixsterTests.xctest */ = {isa = PBXFileReference; explicitFileType = wrapper.cfbundle; includeInIndex = 0; path = flixsterTests.xctest; sourceTree = BUILT_PRODUCTS_DIR; };
		CAE65CBC25AAEA9C009316E8 /* flixsterTests.swift */ = {isa = PBXFileReference; lastKnownFileType = sourcecode.swift; path = flixsterTests.swift; sourceTree = "<group>"; };
		CAE65CBE25AAEA9C009316E8 /* Info.plist */ = {isa = PBXFileReference; lastKnownFileType = text.plist.xml; path = Info.plist; sourceTree = "<group>"; };
		CAE65CC325AAEA9D009316E8 /* flixsterUITests.xctest */ = {isa = PBXFileReference; explicitFileType = wrapper.cfbundle; includeInIndex = 0; path = flixsterUITests.xctest; sourceTree = BUILT_PRODUCTS_DIR; };
		CAE65CC725AAEA9D009316E8 /* flixsterUITests.swift */ = {isa = PBXFileReference; lastKnownFileType = sourcecode.swift; path = flixsterUITests.swift; sourceTree = "<group>"; };
		CAE65CC925AAEA9D009316E8 /* Info.plist */ = {isa = PBXFileReference; lastKnownFileType = text.plist.xml; path = Info.plist; sourceTree = "<group>"; };
		CAE65CDB25AAEFB2009316E8 /* MoviesViewController.swift */ = {isa = PBXFileReference; lastKnownFileType = sourcecode.swift; path = MoviesViewController.swift; sourceTree = "<group>"; };
		CAE65CE025AAF80D009316E8 /* MovieCell.swift */ = {isa = PBXFileReference; lastKnownFileType = sourcecode.swift; path = MovieCell.swift; sourceTree = "<group>"; };
		D588A2CF35A78FE40F05D0F4 /* Pods-flixster-flixsterUITests.release.xcconfig */ = {isa = PBXFileReference; includeInIndex = 1; lastKnownFileType = text.xcconfig; name = "Pods-flixster-flixsterUITests.release.xcconfig"; path = "Target Support Files/Pods-flixster-flixsterUITests/Pods-flixster-flixsterUITests.release.xcconfig"; sourceTree = "<group>"; };
		E792FC1C57F62CBA4E1F03ED /* Pods_flixster_flixsterUITests.framework */ = {isa = PBXFileReference; explicitFileType = wrapper.framework; includeInIndex = 0; path = Pods_flixster_flixsterUITests.framework; sourceTree = BUILT_PRODUCTS_DIR; };
/* End PBXFileReference section */

/* Begin PBXFrameworksBuildPhase section */
		CAE65C9F25AAEA9A009316E8 /* Frameworks */ = {
			isa = PBXFrameworksBuildPhase;
			buildActionMask = 2147483647;
			files = (
				B087EFDCD8545B814B32ED80 /* Pods_flixster.framework in Frameworks */,
			);
			runOnlyForDeploymentPostprocessing = 0;
		};
		CAE65CB525AAEA9C009316E8 /* Frameworks */ = {
			isa = PBXFrameworksBuildPhase;
			buildActionMask = 2147483647;
			files = (
				289C4391174C7D4278BD0B00 /* Pods_flixsterTests.framework in Frameworks */,
			);
			runOnlyForDeploymentPostprocessing = 0;
		};
		CAE65CC025AAEA9C009316E8 /* Frameworks */ = {
			isa = PBXFrameworksBuildPhase;
			buildActionMask = 2147483647;
			files = (
				4FD25A0FEEA10EB4A7D7873F /* Pods_flixster_flixsterUITests.framework in Frameworks */,
			);
			runOnlyForDeploymentPostprocessing = 0;
		};
/* End PBXFrameworksBuildPhase section */

/* Begin PBXGroup section */
		AB381631A8F00A8D91C9A244 /* Frameworks */ = {
			isa = PBXGroup;
			children = (
				09170F847584BD096D0C2357 /* Pods_flixster.framework */,
				E792FC1C57F62CBA4E1F03ED /* Pods_flixster_flixsterUITests.framework */,
				B6097B40F0ED28A330AB1716 /* Pods_flixsterTests.framework */,
			);
			name = Frameworks;
			sourceTree = "<group>";
		};
		CAE65C9925AAEA9A009316E8 = {
			isa = PBXGroup;
			children = (
				CAE65CA425AAEA9A009316E8 /* flixster */,
				CAE65CBB25AAEA9C009316E8 /* flixsterTests */,
				CAE65CC625AAEA9D009316E8 /* flixsterUITests */,
				CAE65CA325AAEA9A009316E8 /* Products */,
				F8C55CF8E3296DC07636D4FD /* Pods */,
				AB381631A8F00A8D91C9A244 /* Frameworks */,
			);
			sourceTree = "<group>";
		};
		CAE65CA325AAEA9A009316E8 /* Products */ = {
			isa = PBXGroup;
			children = (
				CAE65CA225AAEA9A009316E8 /* flixster.app */,
				CAE65CB825AAEA9C009316E8 /* flixsterTests.xctest */,
				CAE65CC325AAEA9D009316E8 /* flixsterUITests.xctest */,
			);
			name = Products;
			sourceTree = "<group>";
		};
		CAE65CA425AAEA9A009316E8 /* flixster */ = {
			isa = PBXGroup;
			children = (
				CAE65CA525AAEA9A009316E8 /* AppDelegate.swift */,
				CAE65CA725AAEA9A009316E8 /* SceneDelegate.swift */,
				CAE65CAB25AAEA9A009316E8 /* Main.storyboard */,
				CAE65CAE25AAEA9C009316E8 /* Assets.xcassets */,
				CAE65CB025AAEA9C009316E8 /* LaunchScreen.storyboard */,
				CAE65CB325AAEA9C009316E8 /* Info.plist */,
				CAE65CDB25AAEFB2009316E8 /* MoviesViewController.swift */,
				CAE65CE025AAF80D009316E8 /* MovieCell.swift */,
			);
			path = flixster;
			sourceTree = "<group>";
		};
		CAE65CBB25AAEA9C009316E8 /* flixsterTests */ = {
			isa = PBXGroup;
			children = (
				CAE65CBC25AAEA9C009316E8 /* flixsterTests.swift */,
				CAE65CBE25AAEA9C009316E8 /* Info.plist */,
			);
			path = flixsterTests;
			sourceTree = "<group>";
		};
		CAE65CC625AAEA9D009316E8 /* flixsterUITests */ = {
			isa = PBXGroup;
			children = (
				CAE65CC725AAEA9D009316E8 /* flixsterUITests.swift */,
				CAE65CC925AAEA9D009316E8 /* Info.plist */,
			);
			path = flixsterUITests;
			sourceTree = "<group>";
		};
		F8C55CF8E3296DC07636D4FD /* Pods */ = {
			isa = PBXGroup;
			children = (
				854BFD5A7B7F95A196802DA6 /* Pods-flixster.debug.xcconfig */,
				5E9B4AF31BE90244728AD971 /* Pods-flixster.release.xcconfig */,
				1D9D150DF6F1B62EB5D1E455 /* Pods-flixster-flixsterUITests.debug.xcconfig */,
				D588A2CF35A78FE40F05D0F4 /* Pods-flixster-flixsterUITests.release.xcconfig */,
				26207513E5D6BF5F6F70AC07 /* Pods-flixsterTests.debug.xcconfig */,
				027CA53B6C5DDAC1FD5ED4E0 /* Pods-flixsterTests.release.xcconfig */,
			);
			name = Pods;
			path = Pods;
			sourceTree = "<group>";
		};
/* End PBXGroup section */

/* Begin PBXNativeTarget section */
		CAE65CA125AAEA9A009316E8 /* flixster */ = {
			isa = PBXNativeTarget;
			buildConfigurationList = CAE65CCC25AAEA9D009316E8 /* Build configuration list for PBXNativeTarget "flixster" */;
			buildPhases = (
				9CDC0203042BBF0AB30643B3 /* [CP] Check Pods Manifest.lock */,
				CAE65C9E25AAEA9A009316E8 /* Sources */,
				CAE65C9F25AAEA9A009316E8 /* Frameworks */,
				CAE65CA025AAEA9A009316E8 /* Resources */,
				B8A65D4B9B6B6EF03FAED7FD /* [CP] Embed Pods Frameworks */,
			);
			buildRules = (
			);
			dependencies = (
			);
			name = flixster;
			productName = flixster;
			productReference = CAE65CA225AAEA9A009316E8 /* flixster.app */;
			productType = "com.apple.product-type.application";
		};
		CAE65CB725AAEA9C009316E8 /* flixsterTests */ = {
			isa = PBXNativeTarget;
			buildConfigurationList = CAE65CCF25AAEA9D009316E8 /* Build configuration list for PBXNativeTarget "flixsterTests" */;
			buildPhases = (
				BF7A09F407334B99B7A90E3D /* [CP] Check Pods Manifest.lock */,
				CAE65CB425AAEA9C009316E8 /* Sources */,
				CAE65CB525AAEA9C009316E8 /* Frameworks */,
				CAE65CB625AAEA9C009316E8 /* Resources */,
			);
			buildRules = (
			);
			dependencies = (
				CAE65CBA25AAEA9C009316E8 /* PBXTargetDependency */,
			);
			name = flixsterTests;
			productName = flixsterTests;
			productReference = CAE65CB825AAEA9C009316E8 /* flixsterTests.xctest */;
			productType = "com.apple.product-type.bundle.unit-test";
		};
		CAE65CC225AAEA9C009316E8 /* flixsterUITests */ = {
			isa = PBXNativeTarget;
			buildConfigurationList = CAE65CD225AAEA9D009316E8 /* Build configuration list for PBXNativeTarget "flixsterUITests" */;
			buildPhases = (
				F90BDB846C43AF2D520327B8 /* [CP] Check Pods Manifest.lock */,
				CAE65CBF25AAEA9C009316E8 /* Sources */,
				CAE65CC025AAEA9C009316E8 /* Frameworks */,
				CAE65CC125AAEA9C009316E8 /* Resources */,
				D4A5ACD61B04FD139F3D24E0 /* [CP] Embed Pods Frameworks */,
			);
			buildRules = (
			);
			dependencies = (
				CAE65CC525AAEA9D009316E8 /* PBXTargetDependency */,
			);
			name = flixsterUITests;
			productName = flixsterUITests;
			productReference = CAE65CC325AAEA9D009316E8 /* flixsterUITests.xctest */;
			productType = "com.apple.product-type.bundle.ui-testing";
		};
/* End PBXNativeTarget section */

/* Begin PBXProject section */
		CAE65C9A25AAEA9A009316E8 /* Project object */ = {
			isa = PBXProject;
			attributes = {
				LastSwiftUpdateCheck = 1230;
				LastUpgradeCheck = 1230;
				TargetAttributes = {
					CAE65CA125AAEA9A009316E8 = {
						CreatedOnToolsVersion = 12.3;
					};
					CAE65CB725AAEA9C009316E8 = {
						CreatedOnToolsVersion = 12.3;
						TestTargetID = CAE65CA125AAEA9A009316E8;
					};
					CAE65CC225AAEA9C009316E8 = {
						CreatedOnToolsVersion = 12.3;
						TestTargetID = CAE65CA125AAEA9A009316E8;
					};
				};
			};
			buildConfigurationList = CAE65C9D25AAEA9A009316E8 /* Build configuration list for PBXProject "flixster" */;
			compatibilityVersion = "Xcode 9.3";
			developmentRegion = en;
			hasScannedForEncodings = 0;
			knownRegions = (
				en,
				Base,
			);
			mainGroup = CAE65C9925AAEA9A009316E8;
			productRefGroup = CAE65CA325AAEA9A009316E8 /* Products */;
			projectDirPath = "";
			projectRoot = "";
			targets = (
				CAE65CA125AAEA9A009316E8 /* flixster */,
				CAE65CB725AAEA9C009316E8 /* flixsterTests */,
				CAE65CC225AAEA9C009316E8 /* flixsterUITests */,
			);
		};
/* End PBXProject section */

/* Begin PBXResourcesBuildPhase section */
		CAE65CA025AAEA9A009316E8 /* Resources */ = {
			isa = PBXResourcesBuildPhase;
			buildActionMask = 2147483647;
			files = (
				CAE65CB225AAEA9C009316E8 /* LaunchScreen.storyboard in Resources */,
				CAE65CAF25AAEA9C009316E8 /* Assets.xcassets in Resources */,
				CAE65CAD25AAEA9A009316E8 /* Main.storyboard in Resources */,
			);
			runOnlyForDeploymentPostprocessing = 0;
		};
		CAE65CB625AAEA9C009316E8 /* Resources */ = {
			isa = PBXResourcesBuildPhase;
			buildActionMask = 2147483647;
			files = (
			);
			runOnlyForDeploymentPostprocessing = 0;
		};
		CAE65CC125AAEA9C009316E8 /* Resources */ = {
			isa = PBXResourcesBuildPhase;
			buildActionMask = 2147483647;
			files = (
			);
			runOnlyForDeploymentPostprocessing = 0;
		};
/* End PBXResourcesBuildPhase section */

/* Begin PBXShellScriptBuildPhase section */
		9CDC0203042BBF0AB30643B3 /* [CP] Check Pods Manifest.lock */ = {
			isa = PBXShellScriptBuildPhase;
			buildActionMask = 2147483647;
			files = (
			);
			inputFileListPaths = (
			);
			inputPaths = (
				"${PODS_PODFILE_DIR_PATH}/Podfile.lock",
				"${PODS_ROOT}/Manifest.lock",
			);
			name = "[CP] Check Pods Manifest.lock";
			outputFileListPaths = (
			);
			outputPaths = (
				"$(DERIVED_FILE_DIR)/Pods-flixster-checkManifestLockResult.txt",
			);
			runOnlyForDeploymentPostprocessing = 0;
			shellPath = /bin/sh;
			shellScript = "diff \"${PODS_PODFILE_DIR_PATH}/Podfile.lock\" \"${PODS_ROOT}/Manifest.lock\" > /dev/null\nif [ $? != 0 ] ; then\n    # print error to STDERR\n    echo \"error: The sandbox is not in sync with the Podfile.lock. Run 'pod install' or update your CocoaPods installation.\" >&2\n    exit 1\nfi\n# This output is used by Xcode 'outputs' to avoid re-running this script phase.\necho \"SUCCESS\" > \"${SCRIPT_OUTPUT_FILE_0}\"\n";
			showEnvVarsInLog = 0;
		};
		B8A65D4B9B6B6EF03FAED7FD /* [CP] Embed Pods Frameworks */ = {
			isa = PBXShellScriptBuildPhase;
			buildActionMask = 2147483647;
			files = (
			);
			inputFileListPaths = (
				"${PODS_ROOT}/Target Support Files/Pods-flixster/Pods-flixster-frameworks-${CONFIGURATION}-input-files.xcfilelist",
			);
			name = "[CP] Embed Pods Frameworks";
			outputFileListPaths = (
				"${PODS_ROOT}/Target Support Files/Pods-flixster/Pods-flixster-frameworks-${CONFIGURATION}-output-files.xcfilelist",
			);
			runOnlyForDeploymentPostprocessing = 0;
			shellPath = /bin/sh;
			shellScript = "\"${PODS_ROOT}/Target Support Files/Pods-flixster/Pods-flixster-frameworks.sh\"\n";
			showEnvVarsInLog = 0;
		};
		BF7A09F407334B99B7A90E3D /* [CP] Check Pods Manifest.lock */ = {
			isa = PBXShellScriptBuildPhase;
			buildActionMask = 2147483647;
			files = (
			);
			inputFileListPaths = (
			);
			inputPaths = (
				"${PODS_PODFILE_DIR_PATH}/Podfile.lock",
				"${PODS_ROOT}/Manifest.lock",
			);
			name = "[CP] Check Pods Manifest.lock";
			outputFileListPaths = (
			);
			outputPaths = (
				"$(DERIVED_FILE_DIR)/Pods-flixsterTests-checkManifestLockResult.txt",
			);
			runOnlyForDeploymentPostprocessing = 0;
			shellPath = /bin/sh;
			shellScript = "diff \"${PODS_PODFILE_DIR_PATH}/Podfile.lock\" \"${PODS_ROOT}/Manifest.lock\" > /dev/null\nif [ $? != 0 ] ; then\n    # print error to STDERR\n    echo \"error: The sandbox is not in sync with the Podfile.lock. Run 'pod install' or update your CocoaPods installation.\" >&2\n    exit 1\nfi\n# This output is used by Xcode 'outputs' to avoid re-running this script phase.\necho \"SUCCESS\" > \"${SCRIPT_OUTPUT_FILE_0}\"\n";
			showEnvVarsInLog = 0;
		};
		D4A5ACD61B04FD139F3D24E0 /* [CP] Embed Pods Frameworks */ = {
			isa = PBXShellScriptBuildPhase;
			buildActionMask = 2147483647;
			files = (
			);
			inputFileListPaths = (
				"${PODS_ROOT}/Target Support Files/Pods-flixster-flixsterUITests/Pods-flixster-flixsterUITests-frameworks-${CONFIGURATION}-input-files.xcfilelist",
			);
			name = "[CP] Embed Pods Frameworks";
			outputFileListPaths = (
				"${PODS_ROOT}/Target Support Files/Pods-flixster-flixsterUITests/Pods-flixster-flixsterUITests-frameworks-${CONFIGURATION}-output-files.xcfilelist",
			);
			runOnlyForDeploymentPostprocessing = 0;
			shellPath = /bin/sh;
			shellScript = "\"${PODS_ROOT}/Target Support Files/Pods-flixster-flixsterUITests/Pods-flixster-flixsterUITests-frameworks.sh\"\n";
			showEnvVarsInLog = 0;
		};
		F90BDB846C43AF2D520327B8 /* [CP] Check Pods Manifest.lock */ = {
			isa = PBXShellScriptBuildPhase;
			buildActionMask = 2147483647;
			files = (
			);
			inputFileListPaths = (
			);
			inputPaths = (
				"${PODS_PODFILE_DIR_PATH}/Podfile.lock",
				"${PODS_ROOT}/Manifest.lock",
			);
			name = "[CP] Check Pods Manifest.lock";
			outputFileListPaths = (
			);
			outputPaths = (
				"$(DERIVED_FILE_DIR)/Pods-flixster-flixsterUITests-checkManifestLockResult.txt",
			);
			runOnlyForDeploymentPostprocessing = 0;
			shellPath = /bin/sh;
			shellScript = "diff \"${PODS_PODFILE_DIR_PATH}/Podfile.lock\" \"${PODS_ROOT}/Manifest.lock\" > /dev/null\nif [ $? != 0 ] ; then\n    # print error to STDERR\n    echo \"error: The sandbox is not in sync with the Podfile.lock. Run 'pod install' or update your CocoaPods installation.\" >&2\n    exit 1\nfi\n# This output is used by Xcode 'outputs' to avoid re-running this script phase.\necho \"SUCCESS\" > \"${SCRIPT_OUTPUT_FILE_0}\"\n";
			showEnvVarsInLog = 0;
		};
/* End PBXShellScriptBuildPhase section */

/* Begin PBXSourcesBuildPhase section */
		CAE65C9E25AAEA9A009316E8 /* Sources */ = {
			isa = PBXSourcesBuildPhase;
			buildActionMask = 2147483647;
			files = (
				CAE65CA625AAEA9A009316E8 /* AppDelegate.swift in Sources */,
				CAE65CA825AAEA9A009316E8 /* SceneDelegate.swift in Sources */,
				CAE65CE125AAF80D009316E8 /* MovieCell.swift in Sources */,
				CAE65CDC25AAEFB2009316E8 /* MoviesViewController.swift in Sources */,
			);
			runOnlyForDeploymentPostprocessing = 0;
		};
		CAE65CB425AAEA9C009316E8 /* Sources */ = {
			isa = PBXSourcesBuildPhase;
			buildActionMask = 2147483647;
			files = (
				CAE65CBD25AAEA9C009316E8 /* flixsterTests.swift in Sources */,
			);
			runOnlyForDeploymentPostprocessing = 0;
		};
		CAE65CBF25AAEA9C009316E8 /* Sources */ = {
			isa = PBXSourcesBuildPhase;
			buildActionMask = 2147483647;
			files = (
				CAE65CC825AAEA9D009316E8 /* flixsterUITests.swift in Sources */,
			);
			runOnlyForDeploymentPostprocessing = 0;
		};
/* End PBXSourcesBuildPhase section */

/* Begin PBXTargetDependency section */
		CAE65CBA25AAEA9C009316E8 /* PBXTargetDependency */ = {
			isa = PBXTargetDependency;
			target = CAE65CA125AAEA9A009316E8 /* flixster */;
			targetProxy = CAE65CB925AAEA9C009316E8 /* PBXContainerItemProxy */;
		};
		CAE65CC525AAEA9D009316E8 /* PBXTargetDependency */ = {
			isa = PBXTargetDependency;
			target = CAE65CA125AAEA9A009316E8 /* flixster */;
			targetProxy = CAE65CC425AAEA9D009316E8 /* PBXContainerItemProxy */;
		};
/* End PBXTargetDependency section */

/* Begin PBXVariantGroup section */
		CAE65CAB25AAEA9A009316E8 /* Main.storyboard */ = {
			isa = PBXVariantGroup;
			children = (
				CAE65CAC25AAEA9A009316E8 /* Base */,
			);
			name = Main.storyboard;
			sourceTree = "<group>";
		};
		CAE65CB025AAEA9C009316E8 /* LaunchScreen.storyboard */ = {
			isa = PBXVariantGroup;
			children = (
				CAE65CB125AAEA9C009316E8 /* Base */,
			);
			name = LaunchScreen.storyboard;
			sourceTree = "<group>";
		};
/* End PBXVariantGroup section */

/* Begin XCBuildConfiguration section */
		CAE65CCA25AAEA9D009316E8 /* Debug */ = {
			isa = XCBuildConfiguration;
			buildSettings = {
				ALWAYS_SEARCH_USER_PATHS = NO;
				CLANG_ANALYZER_NONNULL = YES;
				CLANG_ANALYZER_NUMBER_OBJECT_CONVERSION = YES_AGGRESSIVE;
				CLANG_CXX_LANGUAGE_STANDARD = "gnu++14";
				CLANG_CXX_LIBRARY = "libc++";
				CLANG_ENABLE_MODULES = YES;
				CLANG_ENABLE_OBJC_ARC = YES;
				CLANG_ENABLE_OBJC_WEAK = YES;
				CLANG_WARN_BLOCK_CAPTURE_AUTORELEASING = YES;
				CLANG_WARN_BOOL_CONVERSION = YES;
				CLANG_WARN_COMMA = YES;
				CLANG_WARN_CONSTANT_CONVERSION = YES;
				CLANG_WARN_DEPRECATED_OBJC_IMPLEMENTATIONS = YES;
				CLANG_WARN_DIRECT_OBJC_ISA_USAGE = YES_ERROR;
				CLANG_WARN_DOCUMENTATION_COMMENTS = YES;
				CLANG_WARN_EMPTY_BODY = YES;
				CLANG_WARN_ENUM_CONVERSION = YES;
				CLANG_WARN_INFINITE_RECURSION = YES;
				CLANG_WARN_INT_CONVERSION = YES;
				CLANG_WARN_NON_LITERAL_NULL_CONVERSION = YES;
				CLANG_WARN_OBJC_IMPLICIT_RETAIN_SELF = YES;
				CLANG_WARN_OBJC_LITERAL_CONVERSION = YES;
				CLANG_WARN_OBJC_ROOT_CLASS = YES_ERROR;
				CLANG_WARN_QUOTED_INCLUDE_IN_FRAMEWORK_HEADER = YES;
				CLANG_WARN_RANGE_LOOP_ANALYSIS = YES;
				CLANG_WARN_STRICT_PROTOTYPES = YES;
				CLANG_WARN_SUSPICIOUS_MOVE = YES;
				CLANG_WARN_UNGUARDED_AVAILABILITY = YES_AGGRESSIVE;
				CLANG_WARN_UNREACHABLE_CODE = YES;
				CLANG_WARN__DUPLICATE_METHOD_MATCH = YES;
				COPY_PHASE_STRIP = NO;
				DEBUG_INFORMATION_FORMAT = dwarf;
				ENABLE_STRICT_OBJC_MSGSEND = YES;
				ENABLE_TESTABILITY = YES;
				GCC_C_LANGUAGE_STANDARD = gnu11;
				GCC_DYNAMIC_NO_PIC = NO;
				GCC_NO_COMMON_BLOCKS = YES;
				GCC_OPTIMIZATION_LEVEL = 0;
				GCC_PREPROCESSOR_DEFINITIONS = (
					"DEBUG=1",
					"$(inherited)",
				);
				GCC_WARN_64_TO_32_BIT_CONVERSION = YES;
				GCC_WARN_ABOUT_RETURN_TYPE = YES_ERROR;
				GCC_WARN_UNDECLARED_SELECTOR = YES;
				GCC_WARN_UNINITIALIZED_AUTOS = YES_AGGRESSIVE;
				GCC_WARN_UNUSED_FUNCTION = YES;
				GCC_WARN_UNUSED_VARIABLE = YES;
				IPHONEOS_DEPLOYMENT_TARGET = 14.3;
				MTL_ENABLE_DEBUG_INFO = INCLUDE_SOURCE;
				MTL_FAST_MATH = YES;
				ONLY_ACTIVE_ARCH = YES;
				SDKROOT = iphoneos;
				SWIFT_ACTIVE_COMPILATION_CONDITIONS = DEBUG;
				SWIFT_OPTIMIZATION_LEVEL = "-Onone";
			};
			name = Debug;
		};
		CAE65CCB25AAEA9D009316E8 /* Release */ = {
			isa = XCBuildConfiguration;
			buildSettings = {
				ALWAYS_SEARCH_USER_PATHS = NO;
				CLANG_ANALYZER_NONNULL = YES;
				CLANG_ANALYZER_NUMBER_OBJECT_CONVERSION = YES_AGGRESSIVE;
				CLANG_CXX_LANGUAGE_STANDARD = "gnu++14";
				CLANG_CXX_LIBRARY = "libc++";
				CLANG_ENABLE_MODULES = YES;
				CLANG_ENABLE_OBJC_ARC = YES;
				CLANG_ENABLE_OBJC_WEAK = YES;
				CLANG_WARN_BLOCK_CAPTURE_AUTORELEASING = YES;
				CLANG_WARN_BOOL_CONVERSION = YES;
				CLANG_WARN_COMMA = YES;
				CLANG_WARN_CONSTANT_CONVERSION = YES;
				CLANG_WARN_DEPRECATED_OBJC_IMPLEMENTATIONS = YES;
				CLANG_WARN_DIRECT_OBJC_ISA_USAGE = YES_ERROR;
				CLANG_WARN_DOCUMENTATION_COMMENTS = YES;
				CLANG_WARN_EMPTY_BODY = YES;
				CLANG_WARN_ENUM_CONVERSION = YES;
				CLANG_WARN_INFINITE_RECURSION = YES;
				CLANG_WARN_INT_CONVERSION = YES;
				CLANG_WARN_NON_LITERAL_NULL_CONVERSION = YES;
				CLANG_WARN_OBJC_IMPLICIT_RETAIN_SELF = YES;
				CLANG_WARN_OBJC_LITERAL_CONVERSION = YES;
				CLANG_WARN_OBJC_ROOT_CLASS = YES_ERROR;
				CLANG_WARN_QUOTED_INCLUDE_IN_FRAMEWORK_HEADER = YES;
				CLANG_WARN_RANGE_LOOP_ANALYSIS = YES;
				CLANG_WARN_STRICT_PROTOTYPES = YES;
				CLANG_WARN_SUSPICIOUS_MOVE = YES;
				CLANG_WARN_UNGUARDED_AVAILABILITY = YES_AGGRESSIVE;
				CLANG_WARN_UNREACHABLE_CODE = YES;
				CLANG_WARN__DUPLICATE_METHOD_MATCH = YES;
				COPY_PHASE_STRIP = NO;
				DEBUG_INFORMATION_FORMAT = "dwarf-with-dsym";
				ENABLE_NS_ASSERTIONS = NO;
				ENABLE_STRICT_OBJC_MSGSEND = YES;
				GCC_C_LANGUAGE_STANDARD = gnu11;
				GCC_NO_COMMON_BLOCKS = YES;
				GCC_WARN_64_TO_32_BIT_CONVERSION = YES;
				GCC_WARN_ABOUT_RETURN_TYPE = YES_ERROR;
				GCC_WARN_UNDECLARED_SELECTOR = YES;
				GCC_WARN_UNINITIALIZED_AUTOS = YES_AGGRESSIVE;
				GCC_WARN_UNUSED_FUNCTION = YES;
				GCC_WARN_UNUSED_VARIABLE = YES;
				IPHONEOS_DEPLOYMENT_TARGET = 14.3;
				MTL_ENABLE_DEBUG_INFO = NO;
				MTL_FAST_MATH = YES;
				SDKROOT = iphoneos;
				SWIFT_COMPILATION_MODE = wholemodule;
				SWIFT_OPTIMIZATION_LEVEL = "-O";
				VALIDATE_PRODUCT = YES;
			};
			name = Release;
		};
		CAE65CCD25AAEA9D009316E8 /* Debug */ = {
			isa = XCBuildConfiguration;
			baseConfigurationReference = 854BFD5A7B7F95A196802DA6 /* Pods-flixster.debug.xcconfig */;
			buildSettings = {
				ASSETCATALOG_COMPILER_APPICON_NAME = AppIcon;
				ASSETCATALOG_COMPILER_GLOBAL_ACCENT_COLOR_NAME = AccentColor;
				CODE_SIGN_STYLE = Automatic;
				INFOPLIST_FILE = flixster/Info.plist;
				LD_RUNPATH_SEARCH_PATHS = (
					"$(inherited)",
					"@executable_path/Frameworks",
				);
				PRODUCT_BUNDLE_IDENTIFIER = com.codepath.flixster;
				PRODUCT_NAME = "$(TARGET_NAME)";
				SWIFT_VERSION = 5.0;
				TARGETED_DEVICE_FAMILY = "1,2";
			};
			name = Debug;
		};
		CAE65CCE25AAEA9D009316E8 /* Release */ = {
			isa = XCBuildConfiguration;
			baseConfigurationReference = 5E9B4AF31BE90244728AD971 /* Pods-flixster.release.xcconfig */;
			buildSettings = {
				ASSETCATALOG_COMPILER_APPICON_NAME = AppIcon;
				ASSETCATALOG_COMPILER_GLOBAL_ACCENT_COLOR_NAME = AccentColor;
				CODE_SIGN_STYLE = Automatic;
				INFOPLIST_FILE = flixster/Info.plist;
				LD_RUNPATH_SEARCH_PATHS = (
					"$(inherited)",
					"@executable_path/Frameworks",
				);
				PRODUCT_BUNDLE_IDENTIFIER = com.codepath.flixster;
				PRODUCT_NAME = "$(TARGET_NAME)";
				SWIFT_VERSION = 5.0;
				TARGETED_DEVICE_FAMILY = "1,2";
			};
			name = Release;
		};
		CAE65CD025AAEA9D009316E8 /* Debug */ = {
			isa = XCBuildConfiguration;
			baseConfigurationReference = 26207513E5D6BF5F6F70AC07 /* Pods-flixsterTests.debug.xcconfig */;
			buildSettings = {
				ALWAYS_EMBED_SWIFT_STANDARD_LIBRARIES = YES;
				BUNDLE_LOADER = "$(TEST_HOST)";
				CODE_SIGN_STYLE = Automatic;
				INFOPLIST_FILE = flixsterTests/Info.plist;
				IPHONEOS_DEPLOYMENT_TARGET = 14.3;
				LD_RUNPATH_SEARCH_PATHS = (
					"$(inherited)",
					"@executable_path/Frameworks",
					"@loader_path/Frameworks",
				);
				PRODUCT_BUNDLE_IDENTIFIER = com.codepath.flixsterTests;
				PRODUCT_NAME = "$(TARGET_NAME)";
				SWIFT_VERSION = 5.0;
				TARGETED_DEVICE_FAMILY = "1,2";
				TEST_HOST = "$(BUILT_PRODUCTS_DIR)/flixster.app/flixster";
			};
			name = Debug;
		};
		CAE65CD125AAEA9D009316E8 /* Release */ = {
			isa = XCBuildConfiguration;
			baseConfigurationReference = 027CA53B6C5DDAC1FD5ED4E0 /* Pods-flixsterTests.release.xcconfig */;
			buildSettings = {
				ALWAYS_EMBED_SWIFT_STANDARD_LIBRARIES = YES;
				BUNDLE_LOADER = "$(TEST_HOST)";
				CODE_SIGN_STYLE = Automatic;
				INFOPLIST_FILE = flixsterTests/Info.plist;
				IPHONEOS_DEPLOYMENT_TARGET = 14.3;
				LD_RUNPATH_SEARCH_PATHS = (
					"$(inherited)",
					"@executable_path/Frameworks",
					"@loader_path/Frameworks",
				);
				PRODUCT_BUNDLE_IDENTIFIER = com.codepath.flixsterTests;
				PRODUCT_NAME = "$(TARGET_NAME)";
				SWIFT_VERSION = 5.0;
				TARGETED_DEVICE_FAMILY = "1,2";
				TEST_HOST = "$(BUILT_PRODUCTS_DIR)/flixster.app/flixster";
			};
			name = Release;
		};
		CAE65CD325AAEA9D009316E8 /* Debug */ = {
			isa = XCBuildConfiguration;
			baseConfigurationReference = 1D9D150DF6F1B62EB5D1E455 /* Pods-flixster-flixsterUITests.debug.xcconfig */;
			buildSettings = {
				ALWAYS_EMBED_SWIFT_STANDARD_LIBRARIES = YES;
				CODE_SIGN_STYLE = Automatic;
				INFOPLIST_FILE = flixsterUITests/Info.plist;
				LD_RUNPATH_SEARCH_PATHS = (
					"$(inherited)",
					"@executable_path/Frameworks",
					"@loader_path/Frameworks",
				);
				PRODUCT_BUNDLE_IDENTIFIER = com.codepath.flixsterUITests;
				PRODUCT_NAME = "$(TARGET_NAME)";
				SWIFT_VERSION = 5.0;
				TARGETED_DEVICE_FAMILY = "1,2";
				TEST_TARGET_NAME = flixster;
			};
			name = Debug;
		};
		CAE65CD425AAEA9D009316E8 /* Release */ = {
			isa = XCBuildConfiguration;
			baseConfigurationReference = D588A2CF35A78FE40F05D0F4 /* Pods-flixster-flixsterUITests.release.xcconfig */;
			buildSettings = {
				ALWAYS_EMBED_SWIFT_STANDARD_LIBRARIES = YES;
				CODE_SIGN_STYLE = Automatic;
				INFOPLIST_FILE = flixsterUITests/Info.plist;
				LD_RUNPATH_SEARCH_PATHS = (
					"$(inherited)",
					"@executable_path/Frameworks",
					"@loader_path/Frameworks",
				);
				PRODUCT_BUNDLE_IDENTIFIER = com.codepath.flixsterUITests;
				PRODUCT_NAME = "$(TARGET_NAME)";
				SWIFT_VERSION = 5.0;
				TARGETED_DEVICE_FAMILY = "1,2";
				TEST_TARGET_NAME = flixster;
			};
			name = Release;
		};
/* End XCBuildConfiguration section */

/* Begin XCConfigurationList section */
		CAE65C9D25AAEA9A009316E8 /* Build configuration list for PBXProject "flixster" */ = {
			isa = XCConfigurationList;
			buildConfigurations = (
				CAE65CCA25AAEA9D009316E8 /* Debug */,
				CAE65CCB25AAEA9D009316E8 /* Release */,
			);
			defaultConfigurationIsVisible = 0;
			defaultConfigurationName = Release;
		};
		CAE65CCC25AAEA9D009316E8 /* Build configuration list for PBXNativeTarget "flixster" */ = {
			isa = XCConfigurationList;
			buildConfigurations = (
				CAE65CCD25AAEA9D009316E8 /* Debug */,
				CAE65CCE25AAEA9D009316E8 /* Release */,
			);
			defaultConfigurationIsVisible = 0;
			defaultConfigurationName = Release;
		};
		CAE65CCF25AAEA9D009316E8 /* Build configuration list for PBXNativeTarget "flixsterTests" */ = {
			isa = XCConfigurationList;
			buildConfigurations = (
				CAE65CD025AAEA9D009316E8 /* Debug */,
				CAE65CD125AAEA9D009316E8 /* Release */,
			);
			defaultConfigurationIsVisible = 0;
			defaultConfigurationName = Release;
		};
		CAE65CD225AAEA9D009316E8 /* Build configuration list for PBXNativeTarget "flixsterUITests" */ = {
			isa = XCConfigurationList;
			buildConfigurations = (
				CAE65CD325AAEA9D009316E8 /* Debug */,
				CAE65CD425AAEA9D009316E8 /* Release */,
			);
			defaultConfigurationIsVisible = 0;
			defaultConfigurationName = Release;
		};
/* End XCConfigurationList section */
	};
	rootObject = CAE65C9A25AAEA9A009316E8 /* Project object */;
}
