// !$*UTF8*$!
{
	archiveVersion = 1;
	classes = {
	};
	objectVersion = 50;
	objects = {

/* Begin PBXBuildFile section */
		CAE65CA625AAEA9A009316E8 /* AppDelegate.swift in Sources */ = {isa = PBXBuildFile; fileRef = CAE65CA525AAEA9A009316E8 /* AppDelegate.swift */; };
		CAE65CA825AAEA9A009316E8 /* SceneDelegate.swift in Sources */ = {isa = PBXBuildFile; fileRef = CAE65CA725AAEA9A009316E8 /* SceneDelegate.swift */; };
		CAE65CAA25AAEA9A009316E8 /* ViewController.swift in Sources */ = {isa = PBXBuildFile; fileRef = CAE65CA925AAEA9A009316E8 /* ViewController.swift */; };
		CAE65CAD25AAEA9A009316E8 /* Main.storyboard in Resources */ = {isa = PBXBuildFile; fileRef = CAE65CAB25AAEA9A009316E8 /* Main.storyboard */; };
		CAE65CAF25AAEA9C009316E8 /* Assets.xcassets in Resources */ = {isa = PBXBuildFile; fileRef = CAE65CAE25AAEA9C009316E8 /* Assets.xcassets */; };
		CAE65CB225AAEA9C009316E8 /* LaunchScreen.storyboard in Resources */ = {isa = PBXBuildFile; fileRef = CAE65CB025AAEA9C009316E8 /* LaunchScreen.storyboard */; };
		CAE65CBD25AAEA9C009316E8 /* flixsterTests.swift in Sources */ = {isa = PBXBuildFile; fileRef = CAE65CBC25AAEA9C009316E8 /* flixsterTests.swift */; };
		CAE65CC825AAEA9D009316E8 /* flixsterUITests.swift in Sources */ = {isa = PBXBuildFile; fileRef = CAE65CC725AAEA9D009316E8 /* flixsterUITests.swift */; };
/* End PBXBuildFile section */

/* Begin PBXContainerItemProxy section */
		CAE65CB925AAEA9C009316E8 /* PBXContainerItemProxy */ = {
			isa = PBXContainerItemProxy;
			containerPortal = CAE65C9A25AAEA9A009316E8 /* Project object */;
			proxyType = 1;
			remoteGlobalIDString = CAE65CA125AAEA9A009316E8;
			remoteInfo = flixster;
		};
		CAE65CC425AAEA9D009316E8 /* PBXContainerItemProxy */ = {
			isa = PBXContainerItemProxy;
			containerPortal = CAE65C9A25AAEA9A009316E8 /* Project object */;
			proxyType = 1;
			remoteGlobalIDString = CAE65CA125AAEA9A009316E8;
			remoteInfo = flixster;
		};
/* End PBXContainerItemProxy section */

/* Begin PBXFileReference section */
		CAE65CA225AAEA9A009316E8 /* flixster.app */ = {isa = PBXFileReference; explicitFileType = wrapper.application; includeInIndex = 0; path = flixster.app; sourceTree = BUILT_PRODUCTS_DIR; };
		CAE65CA525AAEA9A009316E8 /* AppDelegate.swift */ = {isa = PBXFileReference; lastKnownFileType = sourcecode.swift; path = AppDelegate.swift; sourceTree = "<group>"; };
		CAE65CA725AAEA9A009316E8 /* SceneDelegate.swift */ = {isa = PBXFileReference; lastKnownFileType = sourcecode.swift; path = SceneDelegate.swift; sourceTree = "<group>"; };
		CAE65CA925AAEA9A009316E8 /* ViewController.swift */ = {isa = PBXFileReference; lastKnownFileType = sourcecode.swift; path = ViewController.swift; sourceTree = "<group>"; };
		CAE65CAC25AAEA9A009316E8 /* Base */ = {isa = PBXFileReference; lastKnownFileType = file.storyboard; name = Base; path = Base.lproj/Main.storyboard; sourceTree = "<group>"; };
		CAE65CAE25AAEA9C009316E8 /* Assets.xcassets */ = {isa = PBXFileReference; lastKnownFileType = folder.assetcatalog; path = Assets.xcassets; sourceTree = "<group>"; };
		CAE65CB125AAEA9C009316E8 /* Base */ = {isa = PBXFileReference; lastKnownFileType = file.storyboard; name = Base; path = Base.lproj/LaunchScreen.storyboard; sourceTree = "<group>"; };
		CAE65CB325AAEA9C009316E8 /* Info.plist */ = {isa = PBXFileReference; lastKnownFileType = text.plist.xml; path = Info.plist; sourceTree = "<group>"; };
		CAE65CB825AAEA9C009316E8 /* flixsterTests.xctest */ = {isa = PBXFileReference; explicitFileType = wrapper.cfbundle; includeInIndex = 0; path = flixsterTests.xctest; sourceTree = BUILT_PRODUCTS_DIR; };
		CAE65CBC25AAEA9C009316E8 /* flixsterTests.swift */ = {isa = PBXFileReference; lastKnownFileType = sourcecode.swift; path = flixsterTests.swift; sourceTree = "<group>"; };
		CAE65CBE25AAEA9C009316E8 /* Info.plist */ = {isa = PBXFileReference; lastKnownFileType = text.plist.xml; path = Info.plist; sourceTree = "<group>"; };
		CAE65CC325AAEA9D009316E8 /* flixsterUITests.xctest */ = {isa = PBXFileReference; explicitFileType = wrapper.cfbundle; includeInIndex = 0; path = flixsterUITests.xctest; sourceTree = BUILT_PRODUCTS_DIR; };
		CAE65CC725AAEA9D009316E8 /* flixsterUITests.swift */ = {isa = PBXFileReference; lastKnownFileType = sourcecode.swift; path = flixsterUITests.swift; sourceTree = "<group>"; };
		CAE65CC925AAEA9D009316E8 /* Info.plist */ = {isa = PBXFileReference; lastKnownFileType = text.plist.xml; path = Info.plist; sourceTree = "<group>"; };
/* End PBXFileReference section */

/* Begin PBXFrameworksBuildPhase section */
		CAE65C9F25AAEA9A009316E8 /* Frameworks */ = {
			isa = PBXFrameworksBuildPhase;
			buildActionMask = 2147483647;
			files = (
			);
			runOnlyForDeploymentPostprocessing = 0;
		};
		CAE65CB525AAEA9C009316E8 /* Frameworks */ = {
			isa = PBXFrameworksBuildPhase;
			buildActionMask = 2147483647;
			files = (
			);
			runOnlyForDeploymentPostprocessing = 0;
		};
		CAE65CC025AAEA9C009316E8 /* Frameworks */ = {
			isa = PBXFrameworksBuildPhase;
			buildActionMask = 2147483647;
			files = (
			);
			runOnlyForDeploymentPostprocessing = 0;
		};
/* End PBXFrameworksBuildPhase section */

/* Begin PBXGroup section */
		CAE65C9925AAEA9A009316E8 = {
			isa = PBXGroup;
			children = (
				CAE65CA425AAEA9A009316E8 /* flixster */,
				CAE65CBB25AAEA9C009316E8 /* flixsterTests */,
				CAE65CC625AAEA9D009316E8 /* flixsterUITests */,
				CAE65CA325AAEA9A009316E8 /* Products */,
			);
			sourceTree = "<group>";
		};
		CAE65CA325AAEA9A009316E8 /* Products */ = {
			isa = PBXGroup;
			children = (
				CAE65CA225AAEA9A009316E8 /* flixster.app */,
				CAE65CB825AAEA9C009316E8 /* flixsterTests.xctest */,
				CAE65CC325AAEA9D009316E8 /* flixsterUITests.xctest */,
			);
			name = Products;
			sourceTree = "<group>";
		};
		CAE65CA425AAEA9A009316E8 /* flixster */ = {
			isa = PBXGroup;
			children = (
				CAE65CA525AAEA9A009316E8 /* AppDelegate.swift */,
				CAE65CA725AAEA9A009316E8 /* SceneDelegate.swift */,
				CAE65CA925AAEA9A009316E8 /* ViewController.swift */,
				CAE65CAB25AAEA9A009316E8 /* Main.storyboard */,
				CAE65CAE25AAEA9C009316E8 /* Assets.xcassets */,
				CAE65CB025AAEA9C009316E8 /* LaunchScreen.storyboard */,
				CAE65CB325AAEA9C009316E8 /* Info.plist */,
			);
			path = flixster;
			sourceTree = "<group>";
		};
		CAE65CBB25AAEA9C009316E8 /* flixsterTests */ = {
			isa = PBXGroup;
			children = (
				CAE65CBC25AAEA9C009316E8 /* flixsterTests.swift */,
				CAE65CBE25AAEA9C009316E8 /* Info.plist */,
			);
			path = flixsterTests;
			sourceTree = "<group>";
		};
		CAE65CC625AAEA9D009316E8 /* flixsterUITests */ = {
			isa = PBXGroup;
			children = (
				CAE65CC725AAEA9D009316E8 /* flixsterUITests.swift */,
				CAE65CC925AAEA9D009316E8 /* Info.plist */,
			);
			path = flixsterUITests;
			sourceTree = "<group>";
		};
/* End PBXGroup section */

/* Begin PBXNativeTarget section */
		CAE65CA125AAEA9A009316E8 /* flixster */ = {
			isa = PBXNativeTarget;
			buildConfigurationList = CAE65CCC25AAEA9D009316E8 /* Build configuration list for PBXNativeTarget "flixster" */;
			buildPhases = (
				CAE65C9E25AAEA9A009316E8 /* Sources */,
				CAE65C9F25AAEA9A009316E8 /* Frameworks */,
				CAE65CA025AAEA9A009316E8 /* Resources */,
			);
			buildRules = (
			);
			dependencies = (
			);
			name = flixster;
			productName = flixster;
			productReference = CAE65CA225AAEA9A009316E8 /* flixster.app */;
			productType = "com.apple.product-type.application";
		};
		CAE65CB725AAEA9C009316E8 /* flixsterTests */ = {
			isa = PBXNativeTarget;
			buildConfigurationList = CAE65CCF25AAEA9D009316E8 /* Build configuration list for PBXNativeTarget "flixsterTests" */;
			buildPhases = (
				CAE65CB425AAEA9C009316E8 /* Sources */,
				CAE65CB525AAEA9C009316E8 /* Frameworks */,
				CAE65CB625AAEA9C009316E8 /* Resources */,
			);
			buildRules = (
			);
			dependencies = (
				CAE65CBA25AAEA9C009316E8 /* PBXTargetDependency */,
			);
			name = flixsterTests;
			productName = flixsterTests;
			productReference = CAE65CB825AAEA9C009316E8 /* flixsterTests.xctest */;
			productType = "com.apple.product-type.bundle.unit-test";
		};
		CAE65CC225AAEA9C009316E8 /* flixsterUITests */ = {
			isa = PBXNativeTarget;
			buildConfigurationList = CAE65CD225AAEA9D009316E8 /* Build configuration list for PBXNativeTarget "flixsterUITests" */;
			buildPhases = (
				CAE65CBF25AAEA9C009316E8 /* Sources */,
				CAE65CC025AAEA9C009316E8 /* Frameworks */,
				CAE65CC125AAEA9C009316E8 /* Resources */,
			);
			buildRules = (
			);
			dependencies = (
				CAE65CC525AAEA9D009316E8 /* PBXTargetDependency */,
			);
			name = flixsterUITests;
			productName = flixsterUITests;
			productReference = CAE65CC325AAEA9D009316E8 /* flixsterUITests.xctest */;
			productType = "com.apple.product-type.bundle.ui-testing";
		};
/* End PBXNativeTarget section */

/* Begin PBXProject section */
		CAE65C9A25AAEA9A009316E8 /* Project object */ = {
			isa = PBXProject;
			attributes = {
				LastSwiftUpdateCheck = 1230;
				LastUpgradeCheck = 1230;
				TargetAttributes = {
					CAE65CA125AAEA9A009316E8 = {
						CreatedOnToolsVersion = 12.3;
					};
					CAE65CB725AAEA9C009316E8 = {
						CreatedOnToolsVersion = 12.3;
						TestTargetID = CAE65CA125AAEA9A009316E8;
					};
					CAE65CC225AAEA9C009316E8 = {
						CreatedOnToolsVersion = 12.3;
						TestTargetID = CAE65CA125AAEA9A009316E8;
					};
				};
			};
			buildConfigurationList = CAE65C9D25AAEA9A009316E8 /* Build configuration list for PBXProject "flixster" */;
			compatibilityVersion = "Xcode 9.3";
			developmentRegion = en;
			hasScannedForEncodings = 0;
			knownRegions = (
				en,
				Base,
			);
			mainGroup = CAE65C9925AAEA9A009316E8;
			productRefGroup = CAE65CA325AAEA9A009316E8 /* Products */;
			projectDirPath = "";
			projectRoot = "";
			targets = (
				CAE65CA125AAEA9A009316E8 /* flixster */,
				CAE65CB725AAEA9C009316E8 /* flixsterTests */,
				CAE65CC225AAEA9C009316E8 /* flixsterUITests */,
			);
		};
/* End PBXProject section */

/* Begin PBXResourcesBuildPhase section */
		CAE65CA025AAEA9A009316E8 /* Resources */ = {
			isa = PBXResourcesBuildPhase;
			buildActionMask = 2147483647;
			files = (
				CAE65CB225AAEA9C009316E8 /* LaunchScreen.storyboard in Resources */,
				CAE65CAF25AAEA9C009316E8 /* Assets.xcassets in Resources */,
				CAE65CAD25AAEA9A009316E8 /* Main.storyboard in Resources */,
			);
			runOnlyForDeploymentPostprocessing = 0;
		};
		CAE65CB625AAEA9C009316E8 /* Resources */ = {
			isa = PBXResourcesBuildPhase;
			buildActionMask = 2147483647;
			files = (
			);
			runOnlyForDeploymentPostprocessing = 0;
		};
		CAE65CC125AAEA9C009316E8 /* Resources */ = {
			isa = PBXResourcesBuildPhase;
			buildActionMask = 2147483647;
			files = (
			);
			runOnlyForDeploymentPostprocessing = 0;
		};
/* End PBXResourcesBuildPhase section */

/* Begin PBXSourcesBuildPhase section */
		CAE65C9E25AAEA9A009316E8 /* Sources */ = {
			isa = PBXSourcesBuildPhase;
			buildActionMask = 2147483647;
			files = (
				CAE65CAA25AAEA9A009316E8 /* ViewController.swift in Sources */,
				CAE65CA625AAEA9A009316E8 /* AppDelegate.swift in Sources */,
				CAE65CA825AAEA9A009316E8 /* SceneDelegate.swift in Sources */,
			);
			runOnlyForDeploymentPostprocessing = 0;
		};
		CAE65CB425AAEA9C009316E8 /* Sources */ = {
			isa = PBXSourcesBuildPhase;
			buildActionMask = 2147483647;
			files = (
				CAE65CBD25AAEA9C009316E8 /* flixsterTests.swift in Sources */,
			);
			runOnlyForDeploymentPostprocessing = 0;
		};
		CAE65CBF25AAEA9C009316E8 /* Sources */ = {
			isa = PBXSourcesBuildPhase;
			buildActionMask = 2147483647;
			files = (
				CAE65CC825AAEA9D009316E8 /* flixsterUITests.swift in Sources */,
			);
			runOnlyForDeploymentPostprocessing = 0;
		};
/* End PBXSourcesBuildPhase section */

/* Begin PBXTargetDependency section */
		CAE65CBA25AAEA9C009316E8 /* PBXTargetDependency */ = {
			isa = PBXTargetDependency;
			target = CAE65CA125AAEA9A009316E8 /* flixster */;
			targetProxy = CAE65CB925AAEA9C009316E8 /* PBXContainerItemProxy */;
		};
		CAE65CC525AAEA9D009316E8 /* PBXTargetDependency */ = {
			isa = PBXTargetDependency;
			target = CAE65CA125AAEA9A009316E8 /* flixster */;
			targetProxy = CAE65CC425AAEA9D009316E8 /* PBXContainerItemProxy */;
		};
/* End PBXTargetDependency section */

/* Begin PBXVariantGroup section */
		CAE65CAB25AAEA9A009316E8 /* Main.storyboard */ = {
			isa = PBXVariantGroup;
			children = (
				CAE65CAC25AAEA9A009316E8 /* Base */,
			);
			name = Main.storyboard;
			sourceTree = "<group>";
		};
		CAE65CB025AAEA9C009316E8 /* LaunchScreen.storyboard */ = {
			isa = PBXVariantGroup;
			children = (
				CAE65CB125AAEA9C009316E8 /* Base */,
			);
			name = LaunchScreen.storyboard;
			sourceTree = "<group>";
		};
/* End PBXVariantGroup section */

/* Begin XCBuildConfiguration section */
		CAE65CCA25AAEA9D009316E8 /* Debug */ = {
			isa = XCBuildConfiguration;
			buildSettings = {
				ALWAYS_SEARCH_USER_PATHS = NO;
				CLANG_ANALYZER_NONNULL = YES;
				CLANG_ANALYZER_NUMBER_OBJECT_CONVERSION = YES_AGGRESSIVE;
				CLANG_CXX_LANGUAGE_STANDARD = "gnu++14";
				CLANG_CXX_LIBRARY = "libc++";
				CLANG_ENABLE_MODULES = YES;
				CLANG_ENABLE_OBJC_ARC = YES;
				CLANG_ENABLE_OBJC_WEAK = YES;
				CLANG_WARN_BLOCK_CAPTURE_AUTORELEASING = YES;
				CLANG_WARN_BOOL_CONVERSION = YES;
				CLANG_WARN_COMMA = YES;
				CLANG_WARN_CONSTANT_CONVERSION = YES;
				CLANG_WARN_DEPRECATED_OBJC_IMPLEMENTATIONS = YES;
				CLANG_WARN_DIRECT_OBJC_ISA_USAGE = YES_ERROR;
				CLANG_WARN_DOCUMENTATION_COMMENTS = YES;
				CLANG_WARN_EMPTY_BODY = YES;
				CLANG_WARN_ENUM_CONVERSION = YES;
				CLANG_WARN_INFINITE_RECURSION = YES;
				CLANG_WARN_INT_CONVERSION = YES;
				CLANG_WARN_NON_LITERAL_NULL_CONVERSION = YES;
				CLANG_WARN_OBJC_IMPLICIT_RETAIN_SELF = YES;
				CLANG_WARN_OBJC_LITERAL_CONVERSION = YES;
				CLANG_WARN_OBJC_ROOT_CLASS = YES_ERROR;
				CLANG_WARN_QUOTED_INCLUDE_IN_FRAMEWORK_HEADER = YES;
				CLANG_WARN_RANGE_LOOP_ANALYSIS = YES;
				CLANG_WARN_STRICT_PROTOTYPES = YES;
				CLANG_WARN_SUSPICIOUS_MOVE = YES;
				CLANG_WARN_UNGUARDED_AVAILABILITY = YES_AGGRESSIVE;
				CLANG_WARN_UNREACHABLE_CODE = YES;
				CLANG_WARN__DUPLICATE_METHOD_MATCH = YES;
				COPY_PHASE_STRIP = NO;
				DEBUG_INFORMATION_FORMAT = dwarf;
				ENABLE_STRICT_OBJC_MSGSEND = YES;
				ENABLE_TESTABILITY = YES;
				GCC_C_LANGUAGE_STANDARD = gnu11;
				GCC_DYNAMIC_NO_PIC = NO;
				GCC_NO_COMMON_BLOCKS = YES;
				GCC_OPTIMIZATION_LEVEL = 0;
				GCC_PREPROCESSOR_DEFINITIONS = (
					"DEBUG=1",
					"$(inherited)",
				);
				GCC_WARN_64_TO_32_BIT_CONVERSION = YES;
				GCC_WARN_ABOUT_RETURN_TYPE = YES_ERROR;
				GCC_WARN_UNDECLARED_SELECTOR = YES;
				GCC_WARN_UNINITIALIZED_AUTOS = YES_AGGRESSIVE;
				GCC_WARN_UNUSED_FUNCTION = YES;
				GCC_WARN_UNUSED_VARIABLE = YES;
				IPHONEOS_DEPLOYMENT_TARGET = 14.3;
				MTL_ENABLE_DEBUG_INFO = INCLUDE_SOURCE;
				MTL_FAST_MATH = YES;
				ONLY_ACTIVE_ARCH = YES;
				SDKROOT = iphoneos;
				SWIFT_ACTIVE_COMPILATION_CONDITIONS = DEBUG;
				SWIFT_OPTIMIZATION_LEVEL = "-Onone";
			};
			name = Debug;
		};
		CAE65CCB25AAEA9D009316E8 /* Release */ = {
			isa = XCBuildConfiguration;
			buildSettings = {
				ALWAYS_SEARCH_USER_PATHS = NO;
				CLANG_ANALYZER_NONNULL = YES;
				CLANG_ANALYZER_NUMBER_OBJECT_CONVERSION = YES_AGGRESSIVE;
				CLANG_CXX_LANGUAGE_STANDARD = "gnu++14";
				CLANG_CXX_LIBRARY = "libc++";
				CLANG_ENABLE_MODULES = YES;
				CLANG_ENABLE_OBJC_ARC = YES;
				CLANG_ENABLE_OBJC_WEAK = YES;
				CLANG_WARN_BLOCK_CAPTURE_AUTORELEASING = YES;
				CLANG_WARN_BOOL_CONVERSION = YES;
				CLANG_WARN_COMMA = YES;
				CLANG_WARN_CONSTANT_CONVERSION = YES;
				CLANG_WARN_DEPRECATED_OBJC_IMPLEMENTATIONS = YES;
				CLANG_WARN_DIRECT_OBJC_ISA_USAGE = YES_ERROR;
				CLANG_WARN_DOCUMENTATION_COMMENTS = YES;
				CLANG_WARN_EMPTY_BODY = YES;
				CLANG_WARN_ENUM_CONVERSION = YES;
				CLANG_WARN_INFINITE_RECURSION = YES;
				CLANG_WARN_INT_CONVERSION = YES;
				CLANG_WARN_NON_LITERAL_NULL_CONVERSION = YES;
				CLANG_WARN_OBJC_IMPLICIT_RETAIN_SELF = YES;
				CLANG_WARN_OBJC_LITERAL_CONVERSION = YES;
				CLANG_WARN_OBJC_ROOT_CLASS = YES_ERROR;
				CLANG_WARN_QUOTED_INCLUDE_IN_FRAMEWORK_HEADER = YES;
				CLANG_WARN_RANGE_LOOP_ANALYSIS = YES;
				CLANG_WARN_STRICT_PROTOTYPES = YES;
				CLANG_WARN_SUSPICIOUS_MOVE = YES;
				CLANG_WARN_UNGUARDED_AVAILABILITY = YES_AGGRESSIVE;
				CLANG_WARN_UNREACHABLE_CODE = YES;
				CLANG_WARN__DUPLICATE_METHOD_MATCH = YES;
				COPY_PHASE_STRIP = NO;
				DEBUG_INFORMATION_FORMAT = "dwarf-with-dsym";
				ENABLE_NS_ASSERTIONS = NO;
				ENABLE_STRICT_OBJC_MSGSEND = YES;
				GCC_C_LANGUAGE_STANDARD = gnu11;
				GCC_NO_COMMON_BLOCKS = YES;
				GCC_WARN_64_TO_32_BIT_CONVERSION = YES;
				GCC_WARN_ABOUT_RETURN_TYPE = YES_ERROR;
				GCC_WARN_UNDECLARED_SELECTOR = YES;
				GCC_WARN_UNINITIALIZED_AUTOS = YES_AGGRESSIVE;
				GCC_WARN_UNUSED_FUNCTION = YES;
				GCC_WARN_UNUSED_VARIABLE = YES;
				IPHONEOS_DEPLOYMENT_TARGET = 14.3;
				MTL_ENABLE_DEBUG_INFO = NO;
				MTL_FAST_MATH = YES;
				SDKROOT = iphoneos;
				SWIFT_COMPILATION_MODE = wholemodule;
				SWIFT_OPTIMIZATION_LEVEL = "-O";
				VALIDATE_PRODUCT = YES;
			};
			name = Release;
		};
		CAE65CCD25AAEA9D009316E8 /* Debug */ = {
			isa = XCBuildConfiguration;
			buildSettings = {
				ASSETCATALOG_COMPILER_APPICON_NAME = AppIcon;
				ASSETCATALOG_COMPILER_GLOBAL_ACCENT_COLOR_NAME = AccentColor;
				CODE_SIGN_STYLE = Automatic;
				INFOPLIST_FILE = flixster/Info.plist;
				LD_RUNPATH_SEARCH_PATHS = (
					"$(inherited)",
					"@executable_path/Frameworks",
				);
				PRODUCT_BUNDLE_IDENTIFIER = com.codepath.flixster;
				PRODUCT_NAME = "$(TARGET_NAME)";
				SWIFT_VERSION = 5.0;
				TARGETED_DEVICE_FAMILY = "1,2";
			};
			name = Debug;
		};
		CAE65CCE25AAEA9D009316E8 /* Release */ = {
			isa = XCBuildConfiguration;
			buildSettings = {
				ASSETCATALOG_COMPILER_APPICON_NAME = AppIcon;
				ASSETCATALOG_COMPILER_GLOBAL_ACCENT_COLOR_NAME = AccentColor;
				CODE_SIGN_STYLE = Automatic;
				INFOPLIST_FILE = flixster/Info.plist;
				LD_RUNPATH_SEARCH_PATHS = (
					"$(inherited)",
					"@executable_path/Frameworks",
				);
				PRODUCT_BUNDLE_IDENTIFIER = com.codepath.flixster;
				PRODUCT_NAME = "$(TARGET_NAME)";
				SWIFT_VERSION = 5.0;
				TARGETED_DEVICE_FAMILY = "1,2";
			};
			name = Release;
		};
		CAE65CD025AAEA9D009316E8 /* Debug */ = {
			isa = XCBuildConfiguration;
			buildSettings = {
				ALWAYS_EMBED_SWIFT_STANDARD_LIBRARIES = YES;
				BUNDLE_LOADER = "$(TEST_HOST)";
				CODE_SIGN_STYLE = Automatic;
				INFOPLIST_FILE = flixsterTests/Info.plist;
				IPHONEOS_DEPLOYMENT_TARGET = 14.3;
				LD_RUNPATH_SEARCH_PATHS = (
					"$(inherited)",
					"@executable_path/Frameworks",
					"@loader_path/Frameworks",
				);
				PRODUCT_BUNDLE_IDENTIFIER = com.codepath.flixsterTests;
				PRODUCT_NAME = "$(TARGET_NAME)";
				SWIFT_VERSION = 5.0;
				TARGETED_DEVICE_FAMILY = "1,2";
				TEST_HOST = "$(BUILT_PRODUCTS_DIR)/flixster.app/flixster";
			};
			name = Debug;
		};
		CAE65CD125AAEA9D009316E8 /* Release */ = {
			isa = XCBuildConfiguration;
			buildSettings = {
				ALWAYS_EMBED_SWIFT_STANDARD_LIBRARIES = YES;
				BUNDLE_LOADER = "$(TEST_HOST)";
				CODE_SIGN_STYLE = Automatic;
				INFOPLIST_FILE = flixsterTests/Info.plist;
				IPHONEOS_DEPLOYMENT_TARGET = 14.3;
				LD_RUNPATH_SEARCH_PATHS = (
					"$(inherited)",
					"@executable_path/Frameworks",
					"@loader_path/Frameworks",
				);
				PRODUCT_BUNDLE_IDENTIFIER = com.codepath.flixsterTests;
				PRODUCT_NAME = "$(TARGET_NAME)";
				SWIFT_VERSION = 5.0;
				TARGETED_DEVICE_FAMILY = "1,2";
				TEST_HOST = "$(BUILT_PRODUCTS_DIR)/flixster.app/flixster";
			};
			name = Release;
		};
		CAE65CD325AAEA9D009316E8 /* Debug */ = {
			isa = XCBuildConfiguration;
			buildSettings = {
				ALWAYS_EMBED_SWIFT_STANDARD_LIBRARIES = YES;
				CODE_SIGN_STYLE = Automatic;
				INFOPLIST_FILE = flixsterUITests/Info.plist;
				LD_RUNPATH_SEARCH_PATHS = (
					"$(inherited)",
					"@executable_path/Frameworks",
					"@loader_path/Frameworks",
				);
				PRODUCT_BUNDLE_IDENTIFIER = com.codepath.flixsterUITests;
				PRODUCT_NAME = "$(TARGET_NAME)";
				SWIFT_VERSION = 5.0;
				TARGETED_DEVICE_FAMILY = "1,2";
				TEST_TARGET_NAME = flixster;
			};
			name = Debug;
		};
		CAE65CD425AAEA9D009316E8 /* Release */ = {
			isa = XCBuildConfiguration;
			buildSettings = {
				ALWAYS_EMBED_SWIFT_STANDARD_LIBRARIES = YES;
				CODE_SIGN_STYLE = Automatic;
				INFOPLIST_FILE = flixsterUITests/Info.plist;
				LD_RUNPATH_SEARCH_PATHS = (
					"$(inherited)",
					"@executable_path/Frameworks",
					"@loader_path/Frameworks",
				);
				PRODUCT_BUNDLE_IDENTIFIER = com.codepath.flixsterUITests;
				PRODUCT_NAME = "$(TARGET_NAME)";
				SWIFT_VERSION = 5.0;
				TARGETED_DEVICE_FAMILY = "1,2";
				TEST_TARGET_NAME = flixster;
			};
			name = Release;
		};
/* End XCBuildConfiguration section */

/* Begin XCConfigurationList section */
		CAE65C9D25AAEA9A009316E8 /* Build configuration list for PBXProject "flixster" */ = {
			isa = XCConfigurationList;
			buildConfigurations = (
				CAE65CCA25AAEA9D009316E8 /* Debug */,
				CAE65CCB25AAEA9D009316E8 /* Release */,
			);
			defaultConfigurationIsVisible = 0;
			defaultConfigurationName = Release;
		};
		CAE65CCC25AAEA9D009316E8 /* Build configuration list for PBXNativeTarget "flixster" */ = {
			isa = XCConfigurationList;
			buildConfigurations = (
				CAE65CCD25AAEA9D009316E8 /* Debug */,
				CAE65CCE25AAEA9D009316E8 /* Release */,
			);
			defaultConfigurationIsVisible = 0;
			defaultConfigurationName = Release;
		};
		CAE65CCF25AAEA9D009316E8 /* Build configuration list for PBXNativeTarget "flixsterTests" */ = {
			isa = XCConfigurationList;
			buildConfigurations = (
				CAE65CD025AAEA9D009316E8 /* Debug */,
				CAE65CD125AAEA9D009316E8 /* Release */,
			);
			defaultConfigurationIsVisible = 0;
			defaultConfigurationName = Release;
		};
		CAE65CD225AAEA9D009316E8 /* Build configuration list for PBXNativeTarget "flixsterUITests" */ = {
			isa = XCConfigurationList;
			buildConfigurations = (
				CAE65CD325AAEA9D009316E8 /* Debug */,
				CAE65CD425AAEA9D009316E8 /* Release */,
			);
			defaultConfigurationIsVisible = 0;
			defaultConfigurationName = Release;
		};
/* End XCConfigurationList section */
	};
	rootObject = CAE65C9A25AAEA9A009316E8 /* Project object */;
}
